
Microsoft Visual Studio Solution File, Format Version 12.00
# Visual Studio 15
VisualStudioVersion = 15.0.27130.2003
MinimumVisualStudioVersion = 10.0.40219.1
Project("{8BC9CEB8-8B4A-11D0-8D11-00A0C91BC942}") = "Zadatak 005 - Kursevi", "Zadatak 005 - Kursevi\Zadatak 005 - Kursevi.vcxproj", "{CC2DDBB3-0838-42C1-B7E9-5DA0CD12CC57}"
EndProject
Global
	GlobalSection(SolutionConfigurationPlatforms) = preSolution
		Debug|x64 = Debug|x64
		Debug|x86 = Debug|x86
		Release|x64 = Release|x64
		Release|x86 = Release|x86
	EndGlobalSection
	GlobalSection(ProjectConfigurationPlatforms) = postSolution
		{CC2DDBB3-0838-42C1-B7E9-5DA0CD12CC57}.Debug|x64.ActiveCfg = Debug|x64
		{CC2DDBB3-0838-42C1-B7E9-5DA0CD12CC57}.Debug|x64.Build.0 = Debug|x64
		{CC2DDBB3-0838-42C1-B7E9-5DA0CD12CC57}.Debug|x86.ActiveCfg = Debug|Win32
		{CC2DDBB3-0838-42C1-B7E9-5DA0CD12CC57}.Debug|x86.Build.0 = Debug|Win32
		{CC2DDBB3-0838-42C1-B7E9-5DA0CD12CC57}.Release|x64.ActiveCfg = Release|x64
		{CC2DDBB3-0838-42C1-B7E9-5DA0CD12CC57}.Release|x64.Build.0 = Release|x64
		{CC2DDBB3-0838-42C1-B7E9-5DA0CD12CC57}.Release|x86.ActiveCfg = Release|Win32
		{CC2DDBB3-0838-42C1-B7E9-5DA0CD12CC57}.Release|x86.Build.0 = Release|Win32
	EndGlobalSection
	GlobalSection(SolutionProperties) = preSolution
		HideSolutionNode = FALSE
	EndGlobalSection
	GlobalSection(ExtensibilityGlobals) = postSolution
		SolutionGuid = {682EB91C-5275-4F22-87A2-C8AB67BD3F22}
	EndGlobalSection
EndGlobal
